<?xml version="1.0" encoding="utf-8"?>
<Project ToolsVersion="4.0" xmlns="http://schemas.microsoft.com/developer/msbuild/2003">
  <ItemGroup>
    <Filter Include="Source Files">
      <UniqueIdentifier>{4FC737F1-C7A5-4376-A066-2A32D752A2FF}</UniqueIdentifier>
      <Extensions>cpp;c;cc;cxx;def;odl;idl;hpj;bat;asm;asmx</Extensions>
    </Filter>
    <Filter Include="Header Files">
      <UniqueIdentifier>{93995380-89BD-4b04-88EB-625FBE52EBFB}</UniqueIdentifier>
      <Extensions>h;hh;hpp;hxx;hm;inl;inc;xsd</Extensions>
    </Filter>
    <Filter Include="Resource Files">
      <UniqueIdentifier>{67DA6AB6-F800-4c08-8B7A-83BB121AAD01}</UniqueIdentifier>
      <Extensions>rc;ico;cur;bmp;dlg;rc2;rct;bin;rgs;gif;jpg;jpeg;jpe;resx;tiff;tif;png;wav;mfcribbon-ms</Extensions>
    </Filter>
    <Filter Include="Source Files\dx">
      <UniqueIdentifier>{6b8b3f93-1a41-41d8-b6d0-d071506ce425}</UniqueIdentifier>
    </Filter>
    <Filter Include="Source Files\gameplay">
      <UniqueIdentifier>{34094784-fa06-4e3d-bcc2-0a6d004d93b9}</UniqueIdentifier>
    </Filter>
    <Filter Include="Source Files\rapidjson">
      <UniqueIdentifier>{47effaa9-ca8a-43c0-8b27-3fee70aba2de}</UniqueIdentifier>
    </Filter>
    <Filter Include="Source Files\misc">
      <UniqueIdentifier>{f21aa9d9-3043-4436-a888-3ac14dd691c0}</UniqueIdentifier>
    </Filter>
    <Filter Include="Source Files\components">
      <UniqueIdentifier>{fea1cfae-0047-4e40-b8d8-00699f25f3fe}</UniqueIdentifier>
    </Filter>
  </ItemGroup>
  <ItemGroup>
    <ClCompile Include="main.cpp">
      <Filter>Source Files</Filter>
    </ClCompile>
    <ClCompile Include="dx\directx.cpp">
      <Filter>Source Files\dx</Filter>
    </ClCompile>
    <ClCompile Include="gameplay\GameObject.cpp">
      <Filter>Source Files\gameplay</Filter>
    </ClCompile>
    <ClCompile Include="gameplay\MonoBehaviour.cpp">
      <Filter>Source Files\gameplay</Filter>
    </ClCompile>
    <ClCompile Include="gameplay\Scene.cpp">
      <Filter>Source Files\gameplay</Filter>
    </ClCompile>
    <ClCompile Include="gameplay\SceneManager.cpp">
      <Filter>Source Files\gameplay</Filter>
    </ClCompile>
    <ClCompile Include="components\Panel.cpp">
      <Filter>Source Files\components</Filter>
    </ClCompile>
    <ClCompile Include="misc\ClassFactory.cpp">
      <Filter>Source Files\misc</Filter>
    </ClCompile>
    <ClCompile Include="dx\DXInstancing.cpp">
      <Filter>Source Files\dx</Filter>
    </ClCompile>
    <ClCompile Include="misc\CharHelper.cpp">
      <Filter>Source Files\misc</Filter>
    </ClCompile>
  </ItemGroup>
  <ItemGroup>
    <ClInclude Include="dx\directx.h">
      <Filter>Source Files\dx</Filter>
    </ClInclude>
    <ClInclude Include="gameplay\GameObject.h">
      <Filter>Source Files\gameplay</Filter>
    </ClInclude>
    <ClInclude Include="gameplay\MonoBehaviour.h">
      <Filter>Source Files\gameplay</Filter>
    </ClInclude>
    <ClInclude Include="gameplay\Scene.h">
      <Filter>Source Files\gameplay</Filter>
    </ClInclude>
    <ClInclude Include="gameplay\SceneManager.h">
      <Filter>Source Files\gameplay</Filter>
    </ClInclude>
    <ClInclude Include="rapidjson\allocators.h">
      <Filter>Source Files\rapidjson</Filter>
    </ClInclude>
    <ClInclude Include="rapidjson\document.h">
      <Filter>Source Files\rapidjson</Filter>
    </ClInclude>
    <ClInclude Include="rapidjson\encodedstream.h">
      <Filter>Source Files\rapidjson</Filter>
    </ClInclude>
    <ClInclude Include="rapidjson\encodings.h">
      <Filter>Source Files\rapidjson</Filter>
    </ClInclude>
    <ClInclude Include="rapidjson\filereadstream.h">
      <Filter>Source Files\rapidjson</Filter>
    </ClInclude>
    <ClInclude Include="rapidjson\filewritestream.h">
      <Filter>Source Files\rapidjson</Filter>
    </ClInclude>
    <ClInclude Include="rapidjson\memorybuffer.h">
      <Filter>Source Files\rapidjson</Filter>
    </ClInclude>
    <ClInclude Include="rapidjson\memorystream.h">
      <Filter>Source Files\rapidjson</Filter>
    </ClInclude>
    <ClInclude Include="rapidjson\pointer.h">
      <Filter>Source Files\rapidjson</Filter>
    </ClInclude>
    <ClInclude Include="rapidjson\prettywriter.h">
      <Filter>Source Files\rapidjson</Filter>
    </ClInclude>
    <ClInclude Include="rapidjson\rapidjson.h">
      <Filter>Source Files\rapidjson</Filter>
    </ClInclude>
    <ClInclude Include="rapidjson\reader.h">
      <Filter>Source Files\rapidjson</Filter>
    </ClInclude>
    <ClInclude Include="rapidjson\stringbuffer.h">
      <Filter>Source Files\rapidjson</Filter>
    </ClInclude>
    <ClInclude Include="rapidjson\writer.h">
      <Filter>Source Files\rapidjson</Filter>
    </ClInclude>
    <ClInclude Include="misc\ClassFactory.h">
      <Filter>Source Files\misc</Filter>
    </ClInclude>
    <ClInclude Include="components\Panel.h">
      <Filter>Source Files\components</Filter>
    </ClInclude>
    <ClInclude Include="misc\CharHelper.h">
      <Filter>Source Files\misc</Filter>
    </ClInclude>
    <ClInclude Include="dx\DXInstancing.h">
      <Filter>Source Files\dx</Filter>
    </ClInclude>
  </ItemGroup>
  <ItemGroup>
    <FxCompile Include="dx\shaders\uiquad_vs.hlsl">
      <Filter>Source Files\dx</Filter>
    </FxCompile>
    <FxCompile Include="dx\shaders\uiquad_ps.hlsl">
      <Filter>Source Files\dx</Filter>
    </FxCompile>
    <FxCompile Include="dx\shaders\instanced_quad_ps.hlsl">
      <Filter>Source Files\dx</Filter>
    </FxCompile>
    <FxCompile Include="dx\shaders\instanced_quad_vs.hlsl">
      <Filter>Source Files\dx</Filter>
    </FxCompile>
  </ItemGroup>
</Project>