<?xml version="1.0" encoding="utf-8"?>
<Project ToolsVersion="4.0" xmlns="http://schemas.microsoft.com/developer/msbuild/2003">
  <ItemGroup>
    <Filter Include="Source Files">
      <UniqueIdentifier>{4FC737F1-C7A5-4376-A066-2A32D752A2FF}</UniqueIdentifier>
      <Extensions>cpp;c;cc;cxx;def;odl;idl;hpj;bat;asm;asmx</Extensions>
    </Filter>
    <Filter Include="Header Files">
      <UniqueIdentifier>{93995380-89BD-4b04-88EB-625FBE52EBFB}</UniqueIdentifier>
      <Extensions>h;hh;hpp;hxx;hm;inl;inc;xsd</Extensions>
    </Filter>
    <Filter Include="Resource Files">
      <UniqueIdentifier>{67DA6AB6-F800-4c08-8B7A-83BB121AAD01}</UniqueIdentifier>
      <Extensions>rc;ico;cur;bmp;dlg;rc2;rct;bin;rgs;gif;jpg;jpeg;jpe;resx;tiff;tif;png;wav;mfcribbon-ms</Extensions>
    </Filter>
    <Filter Include="Source Files\dx">
      <UniqueIdentifier>{6b8b3f93-1a41-41d8-b6d0-d071506ce425}</UniqueIdentifier>
    </Filter>
    <Filter Include="Source Files\rapidjson">
      <UniqueIdentifier>{47effaa9-ca8a-43c0-8b27-3fee70aba2de}</UniqueIdentifier>
    </Filter>
    <Filter Include="Source Files\misc">
      <UniqueIdentifier>{f21aa9d9-3043-4436-a888-3ac14dd691c0}</UniqueIdentifier>
    </Filter>
    <Filter Include="Source Files\components">
      <UniqueIdentifier>{fea1cfae-0047-4e40-b8d8-00699f25f3fe}</UniqueIdentifier>
    </Filter>
    <Filter Include="Source Files\math">
      <UniqueIdentifier>{d8402f32-26c3-41e3-b699-3aa9c7b9ac95}</UniqueIdentifier>
    </Filter>
    <Filter Include="Source Files\graphics">
      <UniqueIdentifier>{181bf48c-e63a-4781-b79f-a8f6dd76c330}</UniqueIdentifier>
    </Filter>
    <Filter Include="Source Files\dx\shaders">
      <UniqueIdentifier>{cebb7eda-83fc-408b-bb99-451d17b4ce31}</UniqueIdentifier>
    </Filter>
    <Filter Include="Source Files\input">
      <UniqueIdentifier>{e326b199-ec90-4c4d-8c1d-9ba53a8a0717}</UniqueIdentifier>
    </Filter>
    <Filter Include="Source Files\components\scripts">
      <UniqueIdentifier>{981c82cc-fb16-45cc-95cf-5db3e1a9fe94}</UniqueIdentifier>
    </Filter>
    <Filter Include="Source Files\gameplay">
      <UniqueIdentifier>{34094784-fa06-4e3d-bcc2-0a6d004d93b9}</UniqueIdentifier>
    </Filter>
    <Filter Include="Source Files\glm">
      <UniqueIdentifier>{cb20ddbb-6bef-40a7-a3f0-4db374f380f0}</UniqueIdentifier>
    </Filter>
  </ItemGroup>
  <ItemGroup>
    <ClCompile Include="main.cpp">
      <Filter>Source Files</Filter>
    </ClCompile>
    <ClCompile Include="dx\directx.cpp">
      <Filter>Source Files\dx</Filter>
    </ClCompile>
    <ClCompile Include="gameplay\GameObject.cpp">
      <Filter>Source Files\gameplay</Filter>
    </ClCompile>
    <ClCompile Include="gameplay\MonoBehaviour.cpp">
      <Filter>Source Files\gameplay</Filter>
    </ClCompile>
    <ClCompile Include="gameplay\Scene.cpp">
      <Filter>Source Files\gameplay</Filter>
    </ClCompile>
    <ClCompile Include="gameplay\SceneManager.cpp">
      <Filter>Source Files\gameplay</Filter>
    </ClCompile>
    <ClCompile Include="components\Panel.cpp">
      <Filter>Source Files\components</Filter>
    </ClCompile>
    <ClCompile Include="misc\ClassFactory.cpp">
      <Filter>Source Files\misc</Filter>
    </ClCompile>
    <ClCompile Include="dx\DXInstancing.cpp">
      <Filter>Source Files\dx</Filter>
    </ClCompile>
    <ClCompile Include="misc\CharHelper.cpp">
      <Filter>Source Files\misc</Filter>
    </ClCompile>
    <ClCompile Include="components\Camera.cpp">
      <Filter>Source Files\components</Filter>
    </ClCompile>
    <ClCompile Include="Graphics\Renderer.cpp">
      <Filter>Source Files\graphics</Filter>
    </ClCompile>
    <ClCompile Include="gameplay\Transform.cpp">
      <Filter>Source Files\gameplay</Filter>
    </ClCompile>
    <ClCompile Include="dx\DXInstancedMesh.cpp">
      <Filter>Source Files\dx</Filter>
    </ClCompile>
    <ClCompile Include="input\DXInput.cpp">
      <Filter>Source Files\input</Filter>
    </ClCompile>
    <ClCompile Include="gameplay\G.cpp">
      <Filter>Source Files\gameplay</Filter>
    </ClCompile>
    <ClCompile Include="components\CubeMesh.cpp">
      <Filter>Source Files\components</Filter>
    </ClCompile>
    <ClCompile Include="components\InputManager.cpp">
      <Filter>Source Files\components\scripts</Filter>
    </ClCompile>
  </ItemGroup>
  <ItemGroup>
    <ClInclude Include="dx\directx.h">
      <Filter>Source Files\dx</Filter>
    </ClInclude>
    <ClInclude Include="gameplay\GameObject.h">
      <Filter>Source Files\gameplay</Filter>
    </ClInclude>
    <ClInclude Include="gameplay\MonoBehaviour.h">
      <Filter>Source Files\gameplay</Filter>
    </ClInclude>
    <ClInclude Include="gameplay\Scene.h">
      <Filter>Source Files\gameplay</Filter>
    </ClInclude>
    <ClInclude Include="gameplay\SceneManager.h">
      <Filter>Source Files\gameplay</Filter>
    </ClInclude>
    <ClInclude Include="rapidjson\allocators.h">
      <Filter>Source Files\rapidjson</Filter>
    </ClInclude>
    <ClInclude Include="rapidjson\document.h">
      <Filter>Source Files\rapidjson</Filter>
    </ClInclude>
    <ClInclude Include="rapidjson\encodedstream.h">
      <Filter>Source Files\rapidjson</Filter>
    </ClInclude>
    <ClInclude Include="rapidjson\encodings.h">
      <Filter>Source Files\rapidjson</Filter>
    </ClInclude>
    <ClInclude Include="rapidjson\filereadstream.h">
      <Filter>Source Files\rapidjson</Filter>
    </ClInclude>
    <ClInclude Include="rapidjson\filewritestream.h">
      <Filter>Source Files\rapidjson</Filter>
    </ClInclude>
    <ClInclude Include="rapidjson\memorybuffer.h">
      <Filter>Source Files\rapidjson</Filter>
    </ClInclude>
    <ClInclude Include="rapidjson\memorystream.h">
      <Filter>Source Files\rapidjson</Filter>
    </ClInclude>
    <ClInclude Include="rapidjson\pointer.h">
      <Filter>Source Files\rapidjson</Filter>
    </ClInclude>
    <ClInclude Include="rapidjson\prettywriter.h">
      <Filter>Source Files\rapidjson</Filter>
    </ClInclude>
    <ClInclude Include="rapidjson\rapidjson.h">
      <Filter>Source Files\rapidjson</Filter>
    </ClInclude>
    <ClInclude Include="rapidjson\reader.h">
      <Filter>Source Files\rapidjson</Filter>
    </ClInclude>
    <ClInclude Include="rapidjson\stringbuffer.h">
      <Filter>Source Files\rapidjson</Filter>
    </ClInclude>
    <ClInclude Include="rapidjson\writer.h">
      <Filter>Source Files\rapidjson</Filter>
    </ClInclude>
    <ClInclude Include="misc\ClassFactory.h">
      <Filter>Source Files\misc</Filter>
    </ClInclude>
    <ClInclude Include="components\Panel.h">
      <Filter>Source Files\components</Filter>
    </ClInclude>
    <ClInclude Include="misc\CharHelper.h">
      <Filter>Source Files\misc</Filter>
    </ClInclude>
    <ClInclude Include="dx\DXInstancing.h">
      <Filter>Source Files\dx</Filter>
    </ClInclude>
    <ClInclude Include="components\Camera.h">
      <Filter>Source Files\components</Filter>
    </ClInclude>
    <ClInclude Include="math\EasyMath.h">
      <Filter>Source Files\math</Filter>
    </ClInclude>
    <ClInclude Include="graphics\Renderer.h">
      <Filter>Source Files\graphics</Filter>
    </ClInclude>
    <ClInclude Include="gameplay\Transform.h">
      <Filter>Source Files\gameplay</Filter>
    </ClInclude>
    <ClInclude Include="graphics\CameraParameters.h">
      <Filter>Source Files\graphics</Filter>
    </ClInclude>
    <ClInclude Include="dx\DXInstancedMesh.h">
      <Filter>Source Files\dx</Filter>
    </ClInclude>
    <ClInclude Include="misc\Macros.h">
      <Filter>Source Files\misc</Filter>
    </ClInclude>
    <ClInclude Include="input\DXInput.h">
      <Filter>Source Files\input</Filter>
    </ClInclude>
    <ClInclude Include="gameplay\G.h">
      <Filter>Source Files\gameplay</Filter>
    </ClInclude>
    <ClInclude Include="components\CubeMesh.h">
      <Filter>Source Files\components</Filter>
    </ClInclude>
    <ClInclude Include="components\InputManager.h">
      <Filter>Source Files\components\scripts</Filter>
    </ClInclude>
    <ClInclude Include="glm\common.hpp">
      <Filter>Source Files\glm</Filter>
    </ClInclude>
    <ClInclude Include="glm\exponential.hpp">
      <Filter>Source Files\glm</Filter>
    </ClInclude>
    <ClInclude Include="glm\ext.hpp">
      <Filter>Source Files\glm</Filter>
    </ClInclude>
    <ClInclude Include="glm\fwd.hpp">
      <Filter>Source Files\glm</Filter>
    </ClInclude>
    <ClInclude Include="glm\geometric.hpp">
      <Filter>Source Files\glm</Filter>
    </ClInclude>
    <ClInclude Include="glm\glm.hpp">
      <Filter>Source Files\glm</Filter>
    </ClInclude>
    <ClInclude Include="glm\integer.hpp">
      <Filter>Source Files\glm</Filter>
    </ClInclude>
    <ClInclude Include="glm\mat2x2.hpp">
      <Filter>Source Files\glm</Filter>
    </ClInclude>
    <ClInclude Include="glm\mat2x3.hpp">
      <Filter>Source Files\glm</Filter>
    </ClInclude>
    <ClInclude Include="glm\mat2x4.hpp">
      <Filter>Source Files\glm</Filter>
    </ClInclude>
    <ClInclude Include="glm\mat3x2.hpp">
      <Filter>Source Files\glm</Filter>
    </ClInclude>
    <ClInclude Include="glm\mat3x3.hpp">
      <Filter>Source Files\glm</Filter>
    </ClInclude>
    <ClInclude Include="glm\mat3x4.hpp">
      <Filter>Source Files\glm</Filter>
    </ClInclude>
    <ClInclude Include="glm\mat4x2.hpp">
      <Filter>Source Files\glm</Filter>
    </ClInclude>
    <ClInclude Include="glm\mat4x3.hpp">
      <Filter>Source Files\glm</Filter>
    </ClInclude>
    <ClInclude Include="glm\mat4x4.hpp">
      <Filter>Source Files\glm</Filter>
    </ClInclude>
    <ClInclude Include="glm\matrix.hpp">
      <Filter>Source Files\glm</Filter>
    </ClInclude>
    <ClInclude Include="glm\packing.hpp">
      <Filter>Source Files\glm</Filter>
    </ClInclude>
    <ClInclude Include="glm\trigonometric.hpp">
      <Filter>Source Files\glm</Filter>
    </ClInclude>
    <ClInclude Include="glm\vec2.hpp">
      <Filter>Source Files\glm</Filter>
    </ClInclude>
    <ClInclude Include="glm\vec3.hpp">
      <Filter>Source Files\glm</Filter>
    </ClInclude>
    <ClInclude Include="glm\vec4.hpp">
      <Filter>Source Files\glm</Filter>
    </ClInclude>
    <ClInclude Include="glm\vector_relational.hpp">
      <Filter>Source Files\glm</Filter>
    </ClInclude>
  </ItemGroup>
  <ItemGroup>
    <FxCompile Include="dx\shaders\instanced_quad_ps.hlsl">
      <Filter>Source Files\dx\shaders</Filter>
    </FxCompile>
    <FxCompile Include="dx\shaders\instanced_quad_vs.hlsl">
      <Filter>Source Files\dx\shaders</Filter>
    </FxCompile>
    <FxCompile Include="dx\shaders\uiquad_ps.hlsl">
      <Filter>Source Files\dx\shaders</Filter>
    </FxCompile>
    <FxCompile Include="dx\shaders\uiquad_vs.hlsl">
      <Filter>Source Files\dx\shaders</Filter>
    </FxCompile>
    <FxCompile Include="dx\shaders\instanced_simple_mesh_ps.hlsl">
      <Filter>Source Files\dx\shaders</Filter>
    </FxCompile>
    <FxCompile Include="dx\shaders\instanced_simple_mesh_vs.hlsl">
      <Filter>Source Files\dx\shaders</Filter>
    </FxCompile>
  </ItemGroup>
</Project>